dependencies:
  atanisoft/esp_lcd_touch_xpt2046:
    component_hash: 08a7d39e7dfd96258d3bfedafab827ddb40879ba4d33a4573a2f13c5aa994351
    dependencies:
    - name: espressif/esp_lcd_touch
      registry_url: https://components.espressif.com/
      require: private
      version: '>=1.0.4'
    - name: idf
      require: private
      version: '>=4.4'
    source:
      registry_url: https://components.espressif.com/
      type: service
    version: 1.0.2
  espressif/esp_lcd_touch:
    dependencies: []
    source:
      path: /opt/desarrollo/espidf/esp8266/components/espressif__esp_lcd_touch
      type: local
    version: 1.0.4
  idf:
    source:
      type: idf
    version: 5.3.1
  lvgl/lvgl:
    component_hash: 948bff879a345149b83065535bbc4a026ce9f47498a22881e432a264b9098015
    dependencies: []
    source:
      registry_url: https://components.espressif.com/
      type: service
    version: 8.3.11
direct_dependencies:
- atanisoft/esp_lcd_touch_xpt2046
- espressif/esp_lcd_touch
- idf
- lvgl/lvgl
manifest_hash: 7830d9e4afef9721d8ad97a1bd29e830360717042d7196a7e401870a9c7ca66a
target: esp32s3
version: 2.0.0
